
Microsoft Visual Studio Solution File, Format Version 12.00
# Visual Studio 2013
VisualStudioVersion = 12.0.40629.0
MinimumVisualStudioVersion = 10.0.40219.1
Project("{FAE04EC0-301F-11D3-BF4B-00C04F79EFBC}") = "ROSDataViewer", "ROSDataViewer\ROSDataViewer.csproj", "{43CD83EA-19D5-4E5B-9286-986063F69874}"
EndProject
Project("{FAE04EC0-301F-11D3-BF4B-00C04F79EFBC}") = "TextFormatFiles.ExtremeSizes.Core", "TextFormatFiles.ExtremeSizes.Core\TextFormatFiles.ExtremeSizes.Core.csproj", "{4338FCEE-3DC6-4B09-A2D5-2AB58E7728C9}"
EndProject
Project("{FAE04EC0-301F-11D3-BF4B-00C04F79EFBC}") = "WinForms.Controls", "WinForms.Controls\WinForms.Controls.csproj", "{3A612498-46B0-4704-A5F0-441BFFDD5127}"
EndProject
Global
	GlobalSection(SolutionConfigurationPlatforms) = preSolution
		Debug|Any CPU = Debug|Any CPU
		Release|Any CPU = Release|Any CPU
	EndGlobalSection
	GlobalSection(ProjectConfigurationPlatforms) = postSolution
		{43CD83EA-19D5-4E5B-9286-986063F69874}.Debug|Any CPU.ActiveCfg = Debug|Any CPU
		{43CD83EA-19D5-4E5B-9286-986063F69874}.Debug|Any CPU.Build.0 = Debug|Any CPU
		{43CD83EA-19D5-4E5B-9286-986063F69874}.Release|Any CPU.ActiveCfg = Release|Any CPU
		{43CD83EA-19D5-4E5B-9286-986063F69874}.Release|Any CPU.Build.0 = Release|Any CPU
		{4338FCEE-3DC6-4B09-A2D5-2AB58E7728C9}.Debug|Any CPU.ActiveCfg = Debug|Any CPU
		{4338FCEE-3DC6-4B09-A2D5-2AB58E7728C9}.Debug|Any CPU.Build.0 = Debug|Any CPU
		{4338FCEE-3DC6-4B09-A2D5-2AB58E7728C9}.Release|Any CPU.ActiveCfg = Release|Any CPU
		{4338FCEE-3DC6-4B09-A2D5-2AB58E7728C9}.Release|Any CPU.Build.0 = Release|Any CPU
		{3A612498-46B0-4704-A5F0-441BFFDD5127}.Debug|Any CPU.ActiveCfg = Debug|Any CPU
		{3A612498-46B0-4704-A5F0-441BFFDD5127}.Debug|Any CPU.Build.0 = Debug|Any CPU
		{3A612498-46B0-4704-A5F0-441BFFDD5127}.Release|Any CPU.ActiveCfg = Release|Any CPU
		{3A612498-46B0-4704-A5F0-441BFFDD5127}.Release|Any CPU.Build.0 = Release|Any CPU
	EndGlobalSection
	GlobalSection(SolutionProperties) = preSolution
		HideSolutionNode = FALSE
	EndGlobalSection
EndGlobal
